// !$*UTF8*$!
{
	archiveVersion = 1;
	classes = {
	};
	objectVersion = 46;
	objects = {

/* Begin PBXBuildFile section */
		0A01075119F1C45B004C2056 /* LoginViewController.swift in Sources */ = {isa = PBXBuildFile; fileRef = 0A01075019F1C45B004C2056 /* LoginViewController.swift */; };
		0A01A77719DF7D6F0026B7E4 /* ProfileViewController.swift in Sources */ = {isa = PBXBuildFile; fileRef = 0A01A77519DF7D6F0026B7E4 /* ProfileViewController.swift */; };
		0A01A79219E330A70026B7E4 /* CustomCell.swift in Sources */ = {isa = PBXBuildFile; fileRef = 0A01A79119E330A70026B7E4 /* CustomCell.swift */; };
		0A01A7A219E38FAF0026B7E4 /* ALView+PureLayout.m in Sources */ = {isa = PBXBuildFile; fileRef = 0A01A79A19E38FAF0026B7E4 /* ALView+PureLayout.m */; };
		0A01A7A319E38FAF0026B7E4 /* NSArray+PureLayout.m in Sources */ = {isa = PBXBuildFile; fileRef = 0A01A79C19E38FAF0026B7E4 /* NSArray+PureLayout.m */; };
		0A01A7A419E38FAF0026B7E4 /* NSLayoutConstraint+PureLayout.m in Sources */ = {isa = PBXBuildFile; fileRef = 0A01A79E19E38FAF0026B7E4 /* NSLayoutConstraint+PureLayout.m */; };
		0A01A7AF19E4A0000026B7E4 /* CustomDesign.swift in Sources */ = {isa = PBXBuildFile; fileRef = 0A01A7AE19E4A0000026B7E4 /* CustomDesign.swift */; };
		0A01A7B719E4CD930026B7E4 /* CustomCellHistory.swift in Sources */ = {isa = PBXBuildFile; fileRef = 0A01A7B619E4CD930026B7E4 /* CustomCellHistory.swift */; };
		0A01A7BD19E4D5410026B7E4 /* CustomCellProfile.swift in Sources */ = {isa = PBXBuildFile; fileRef = 0A01A7BC19E4D5410026B7E4 /* CustomCellProfile.swift */; };
		0A01A7BF19E4D97C0026B7E4 /* CustomCellProfileBanner.swift in Sources */ = {isa = PBXBuildFile; fileRef = 0A01A7BE19E4D97C0026B7E4 /* CustomCellProfileBanner.swift */; };
		0A01A7C519EC266F0026B7E4 /* CircleView.swift in Sources */ = {isa = PBXBuildFile; fileRef = 0A01A7C419EC266F0026B7E4 /* CircleView.swift */; };
		0A4C372B19DA6DFF009AD8DD /* bookiao_ios.xcdatamodeld in Sources */ = {isa = PBXBuildFile; fileRef = 0A4C372919DA6DFF009AD8DD /* bookiao_ios.xcdatamodeld */; };
		0A4C373219DA6DFF009AD8DD /* Images.xcassets in Resources */ = {isa = PBXBuildFile; fileRef = 0A4C373119DA6DFF009AD8DD /* Images.xcassets */; };
		0A4C374119DA6DFF009AD8DD /* bookiao_iosTests.swift in Sources */ = {isa = PBXBuildFile; fileRef = 0A4C374019DA6DFF009AD8DD /* bookiao_iosTests.swift */; };
		0A4C375019DA7198009AD8DD /* ViewController.swift in Sources */ = {isa = PBXBuildFile; fileRef = 0A4C374E19DA7198009AD8DD /* ViewController.swift */; };
		0A4C375719DA726B009AD8DD /* SettingsViewController.swift in Sources */ = {isa = PBXBuildFile; fileRef = 0A4C375519DA726B009AD8DD /* SettingsViewController.swift */; };
		0A4C378B19DA7340009AD8DD /* AppDelegate.swift in Sources */ = {isa = PBXBuildFile; fileRef = 0A4C378A19DA7340009AD8DD /* AppDelegate.swift */; };
		0A4C378E19DA738A009AD8DD /* HistoryViewController.swift in Sources */ = {isa = PBXBuildFile; fileRef = 0A4C378C19DA738A009AD8DD /* HistoryViewController.swift */; };
		0AD4219E19DE2717002CE4B2 /* AppointmentsViewController.swift in Sources */ = {isa = PBXBuildFile; fileRef = 0AD4219C19DE2717002CE4B2 /* AppointmentsViewController.swift */; };
		0ADB9E941A006010007F5539 /* json-swift.swift in Sources */ = {isa = PBXBuildFile; fileRef = 0ADB9E931A006010007F5539 /* json-swift.swift */; };
		0AFEB8721A0570070095A951 /* ClientViewController.swift in Sources */ = {isa = PBXBuildFile; fileRef = 0AFEB8711A0570070095A951 /* ClientViewController.swift */; };
		0AFEB8741A0570160095A951 /* BusinessViewController.swift in Sources */ = {isa = PBXBuildFile; fileRef = 0AFEB8731A0570160095A951 /* BusinessViewController.swift */; };
		0AFEB8761A05702A0095A951 /* EmployeeViewController.swift in Sources */ = {isa = PBXBuildFile; fileRef = 0AFEB8751A05702A0095A951 /* EmployeeViewController.swift */; };
		0AFEC6111A018D8200B1B823 /* ProfileDesign.swift in Sources */ = {isa = PBXBuildFile; fileRef = 0AFEC6101A018D8200B1B823 /* ProfileDesign.swift */; };
		0AFEC6131A019A6800B1B823 /* RegisterViewController.swift in Sources */ = {isa = PBXBuildFile; fileRef = 0AFEC6121A019A6800B1B823 /* RegisterViewController.swift */; };
/* End PBXBuildFile section */

/* Begin PBXContainerItemProxy section */
		0A4C373B19DA6DFF009AD8DD /* PBXContainerItemProxy */ = {
			isa = PBXContainerItemProxy;
			containerPortal = 0A4C371A19DA6DFF009AD8DD /* Project object */;
			proxyType = 1;
			remoteGlobalIDString = 0A4C372119DA6DFF009AD8DD;
			remoteInfo = "bookiao-ios";
		};
/* End PBXContainerItemProxy section */

/* Begin PBXFileReference section */
		0A01075019F1C45B004C2056 /* LoginViewController.swift */ = {isa = PBXFileReference; fileEncoding = 4; lastKnownFileType = sourcecode.swift; path = LoginViewController.swift; sourceTree = "<group>"; };
		0A01A77519DF7D6F0026B7E4 /* ProfileViewController.swift */ = {isa = PBXFileReference; fileEncoding = 4; lastKnownFileType = sourcecode.swift; path = ProfileViewController.swift; sourceTree = "<group>"; };
		0A01A79119E330A70026B7E4 /* CustomCell.swift */ = {isa = PBXFileReference; fileEncoding = 4; lastKnownFileType = sourcecode.swift; path = CustomCell.swift; sourceTree = "<group>"; };
		0A01A79819E38FAE0026B7E4 /* bookiao-ios-Bridging-Header.h */ = {isa = PBXFileReference; lastKnownFileType = sourcecode.c.h; name = "bookiao-ios-Bridging-Header.h"; path = "../bookiao-ios-Bridging-Header.h"; sourceTree = "<group>"; };
		0A01A79919E38FAF0026B7E4 /* ALView+PureLayout.h */ = {isa = PBXFileReference; fileEncoding = 4; lastKnownFileType = sourcecode.c.h; path = "ALView+PureLayout.h"; sourceTree = "<group>"; };
		0A01A79A19E38FAF0026B7E4 /* ALView+PureLayout.m */ = {isa = PBXFileReference; fileEncoding = 4; lastKnownFileType = sourcecode.c.objc; path = "ALView+PureLayout.m"; sourceTree = "<group>"; };
		0A01A79B19E38FAF0026B7E4 /* NSArray+PureLayout.h */ = {isa = PBXFileReference; fileEncoding = 4; lastKnownFileType = sourcecode.c.h; path = "NSArray+PureLayout.h"; sourceTree = "<group>"; };
		0A01A79C19E38FAF0026B7E4 /* NSArray+PureLayout.m */ = {isa = PBXFileReference; fileEncoding = 4; lastKnownFileType = sourcecode.c.objc; path = "NSArray+PureLayout.m"; sourceTree = "<group>"; };
		0A01A79D19E38FAF0026B7E4 /* NSLayoutConstraint+PureLayout.h */ = {isa = PBXFileReference; fileEncoding = 4; lastKnownFileType = sourcecode.c.h; path = "NSLayoutConstraint+PureLayout.h"; sourceTree = "<group>"; };
		0A01A79E19E38FAF0026B7E4 /* NSLayoutConstraint+PureLayout.m */ = {isa = PBXFileReference; fileEncoding = 4; lastKnownFileType = sourcecode.c.objc; path = "NSLayoutConstraint+PureLayout.m"; sourceTree = "<group>"; };
		0A01A79F19E38FAF0026B7E4 /* PureLayout.h */ = {isa = PBXFileReference; fileEncoding = 4; lastKnownFileType = sourcecode.c.h; path = PureLayout.h; sourceTree = "<group>"; };
		0A01A7A019E38FAF0026B7E4 /* PureLayout+Internal.h */ = {isa = PBXFileReference; fileEncoding = 4; lastKnownFileType = sourcecode.c.h; path = "PureLayout+Internal.h"; sourceTree = "<group>"; };
		0A01A7A119E38FAF0026B7E4 /* PureLayoutDefines.h */ = {isa = PBXFileReference; fileEncoding = 4; lastKnownFileType = sourcecode.c.h; path = PureLayoutDefines.h; sourceTree = "<group>"; };
		0A01A7AE19E4A0000026B7E4 /* CustomDesign.swift */ = {isa = PBXFileReference; fileEncoding = 4; lastKnownFileType = sourcecode.swift; path = CustomDesign.swift; sourceTree = "<group>"; };
		0A01A7B619E4CD930026B7E4 /* CustomCellHistory.swift */ = {isa = PBXFileReference; fileEncoding = 4; lastKnownFileType = sourcecode.swift; path = CustomCellHistory.swift; sourceTree = "<group>"; };
		0A01A7BC19E4D5410026B7E4 /* CustomCellProfile.swift */ = {isa = PBXFileReference; fileEncoding = 4; lastKnownFileType = sourcecode.swift; path = CustomCellProfile.swift; sourceTree = "<group>"; };
		0A01A7BE19E4D97C0026B7E4 /* CustomCellProfileBanner.swift */ = {isa = PBXFileReference; fileEncoding = 4; lastKnownFileType = sourcecode.swift; path = CustomCellProfileBanner.swift; sourceTree = "<group>"; };
		0A01A7C419EC266F0026B7E4 /* CircleView.swift */ = {isa = PBXFileReference; fileEncoding = 4; lastKnownFileType = sourcecode.swift; path = CircleView.swift; sourceTree = "<group>"; };
		0A4C372219DA6DFF009AD8DD /* bookiao-ios.app */ = {isa = PBXFileReference; explicitFileType = wrapper.application; includeInIndex = 0; path = "bookiao-ios.app"; sourceTree = BUILT_PRODUCTS_DIR; };
		0A4C372619DA6DFF009AD8DD /* Info.plist */ = {isa = PBXFileReference; lastKnownFileType = text.plist.xml; path = Info.plist; sourceTree = "<group>"; };
		0A4C372A19DA6DFF009AD8DD /* bookiao_ios.xcdatamodel */ = {isa = PBXFileReference; lastKnownFileType = wrapper.xcdatamodel; path = bookiao_ios.xcdatamodel; sourceTree = "<group>"; };
		0A4C373119DA6DFF009AD8DD /* Images.xcassets */ = {isa = PBXFileReference; lastKnownFileType = folder.assetcatalog; path = Images.xcassets; sourceTree = "<group>"; };
		0A4C373A19DA6DFF009AD8DD /* bookiao-iosTests.xctest */ = {isa = PBXFileReference; explicitFileType = wrapper.cfbundle; includeInIndex = 0; path = "bookiao-iosTests.xctest"; sourceTree = BUILT_PRODUCTS_DIR; };
		0A4C373F19DA6DFF009AD8DD /* Info.plist */ = {isa = PBXFileReference; lastKnownFileType = text.plist.xml; path = Info.plist; sourceTree = "<group>"; };
		0A4C374019DA6DFF009AD8DD /* bookiao_iosTests.swift */ = {isa = PBXFileReference; lastKnownFileType = sourcecode.swift; path = bookiao_iosTests.swift; sourceTree = "<group>"; };
		0A4C374E19DA7198009AD8DD /* ViewController.swift */ = {isa = PBXFileReference; fileEncoding = 4; lastKnownFileType = sourcecode.swift; path = ViewController.swift; sourceTree = "<group>"; };
		0A4C375519DA726B009AD8DD /* SettingsViewController.swift */ = {isa = PBXFileReference; fileEncoding = 4; lastKnownFileType = sourcecode.swift; path = SettingsViewController.swift; sourceTree = "<group>"; };
		0A4C378A19DA7340009AD8DD /* AppDelegate.swift */ = {isa = PBXFileReference; fileEncoding = 4; lastKnownFileType = sourcecode.swift; path = AppDelegate.swift; sourceTree = "<group>"; };
		0A4C378C19DA738A009AD8DD /* HistoryViewController.swift */ = {isa = PBXFileReference; fileEncoding = 4; lastKnownFileType = sourcecode.swift; path = HistoryViewController.swift; sourceTree = "<group>"; };
		0AD4219C19DE2717002CE4B2 /* AppointmentsViewController.swift */ = {isa = PBXFileReference; fileEncoding = 4; lastKnownFileType = sourcecode.swift; path = AppointmentsViewController.swift; sourceTree = "<group>"; };
		0ADB9E931A006010007F5539 /* json-swift.swift */ = {isa = PBXFileReference; fileEncoding = 4; lastKnownFileType = sourcecode.swift; name = "json-swift.swift"; path = "../json-swift.swift"; sourceTree = "<group>"; };
		0AFEB8711A0570070095A951 /* ClientViewController.swift */ = {isa = PBXFileReference; fileEncoding = 4; lastKnownFileType = sourcecode.swift; path = ClientViewController.swift; sourceTree = "<group>"; };
		0AFEB8731A0570160095A951 /* BusinessViewController.swift */ = {isa = PBXFileReference; fileEncoding = 4; lastKnownFileType = sourcecode.swift; path = BusinessViewController.swift; sourceTree = "<group>"; };
		0AFEB8751A05702A0095A951 /* EmployeeViewController.swift */ = {isa = PBXFileReference; fileEncoding = 4; lastKnownFileType = sourcecode.swift; path = EmployeeViewController.swift; sourceTree = "<group>"; };
		0AFEC6101A018D8200B1B823 /* ProfileDesign.swift */ = {isa = PBXFileReference; fileEncoding = 4; lastKnownFileType = sourcecode.swift; path = ProfileDesign.swift; sourceTree = "<group>"; };
		0AFEC6121A019A6800B1B823 /* RegisterViewController.swift */ = {isa = PBXFileReference; fileEncoding = 4; lastKnownFileType = sourcecode.swift; path = RegisterViewController.swift; sourceTree = "<group>"; };
/* End PBXFileReference section */

/* Begin PBXFrameworksBuildPhase section */
		0A4C371F19DA6DFF009AD8DD /* Frameworks */ = {
			isa = PBXFrameworksBuildPhase;
			buildActionMask = 2147483647;
			files = (
			);
			runOnlyForDeploymentPostprocessing = 0;
		};
		0A4C373719DA6DFF009AD8DD /* Frameworks */ = {
			isa = PBXFrameworksBuildPhase;
			buildActionMask = 2147483647;
			files = (
			);
			runOnlyForDeploymentPostprocessing = 0;
		};
/* End PBXFrameworksBuildPhase section */

/* Begin PBXGroup section */
		0A01A79719E38F880026B7E4 /* PureLayout */ = {
			isa = PBXGroup;
			children = (
				0A01A79919E38FAF0026B7E4 /* ALView+PureLayout.h */,
				0A01A79A19E38FAF0026B7E4 /* ALView+PureLayout.m */,
				0A01A79B19E38FAF0026B7E4 /* NSArray+PureLayout.h */,
				0A01A79C19E38FAF0026B7E4 /* NSArray+PureLayout.m */,
				0A01A79D19E38FAF0026B7E4 /* NSLayoutConstraint+PureLayout.h */,
				0A01A79E19E38FAF0026B7E4 /* NSLayoutConstraint+PureLayout.m */,
				0A01A79F19E38FAF0026B7E4 /* PureLayout.h */,
				0A01A7A019E38FAF0026B7E4 /* PureLayout+Internal.h */,
				0A01A7A119E38FAF0026B7E4 /* PureLayoutDefines.h */,
			);
			name = PureLayout;
			path = ..;
			sourceTree = "<group>";
		};
		0A4C371919DA6DFF009AD8DD = {
			isa = PBXGroup;
			children = (
				0AFEC60F1A018CF900B1B823 /* Singletons */,
				0A4C375419DA7228009AD8DD /* Controllers */,
				0A4C375319DA721A009AD8DD /* Views */,
				0A4C372419DA6DFF009AD8DD /* bookiao-ios */,
				0A4C373D19DA6DFF009AD8DD /* bookiao-iosTests */,
				0A4C372319DA6DFF009AD8DD /* Products */,
			);
			sourceTree = "<group>";
		};
		0A4C372319DA6DFF009AD8DD /* Products */ = {
			isa = PBXGroup;
			children = (
				0A4C372219DA6DFF009AD8DD /* bookiao-ios.app */,
				0A4C373A19DA6DFF009AD8DD /* bookiao-iosTests.xctest */,
			);
			name = Products;
			sourceTree = "<group>";
		};
		0A4C372419DA6DFF009AD8DD /* bookiao-ios */ = {
			isa = PBXGroup;
			children = (
				0A4C373119DA6DFF009AD8DD /* Images.xcassets */,
				0A4C372919DA6DFF009AD8DD /* bookiao_ios.xcdatamodeld */,
				0A4C372519DA6DFF009AD8DD /* Supporting Files */,
			);
			path = "bookiao-ios";
			sourceTree = "<group>";
		};
		0A4C372519DA6DFF009AD8DD /* Supporting Files */ = {
			isa = PBXGroup;
			children = (
				0A01A79719E38F880026B7E4 /* PureLayout */,
				0ADB9E931A006010007F5539 /* json-swift.swift */,
				0A4C372619DA6DFF009AD8DD /* Info.plist */,
			);
			name = "Supporting Files";
			sourceTree = "<group>";
		};
		0A4C373D19DA6DFF009AD8DD /* bookiao-iosTests */ = {
			isa = PBXGroup;
			children = (
				0A4C374019DA6DFF009AD8DD /* bookiao_iosTests.swift */,
				0A4C373E19DA6DFF009AD8DD /* Supporting Files */,
			);
			path = "bookiao-iosTests";
			sourceTree = "<group>";
		};
		0A4C373E19DA6DFF009AD8DD /* Supporting Files */ = {
			isa = PBXGroup;
			children = (
				0A4C373F19DA6DFF009AD8DD /* Info.plist */,
				0A01A79819E38FAE0026B7E4 /* bookiao-ios-Bridging-Header.h */,
			);
			name = "Supporting Files";
			sourceTree = "<group>";
		};
		0A4C375319DA721A009AD8DD /* Views */ = {
			isa = PBXGroup;
			children = (
				0A01A79119E330A70026B7E4 /* CustomCell.swift */,
				0AFEC6101A018D8200B1B823 /* ProfileDesign.swift */,
				0A01A7C419EC266F0026B7E4 /* CircleView.swift */,
				0A01A7BC19E4D5410026B7E4 /* CustomCellProfile.swift */,
				0A01A7B619E4CD930026B7E4 /* CustomCellHistory.swift */,
				0A01A7BE19E4D97C0026B7E4 /* CustomCellProfileBanner.swift */,
				0A01A7AE19E4A0000026B7E4 /* CustomDesign.swift */,
			);
			name = Views;
			sourceTree = "<group>";
		};
		0A4C375419DA7228009AD8DD /* Controllers */ = {
			isa = PBXGroup;
			children = (
				0A4C374E19DA7198009AD8DD /* ViewController.swift */,
				0AD4219C19DE2717002CE4B2 /* AppointmentsViewController.swift */,
				0AFEB8711A0570070095A951 /* ClientViewController.swift */,
				0A01A77519DF7D6F0026B7E4 /* ProfileViewController.swift */,
				0AFEB8751A05702A0095A951 /* EmployeeViewController.swift */,
				0A4C375519DA726B009AD8DD /* SettingsViewController.swift */,
				0A4C378C19DA738A009AD8DD /* HistoryViewController.swift */,
				0AFEB8731A0570160095A951 /* BusinessViewController.swift */,
				0AFEC6121A019A6800B1B823 /* RegisterViewController.swift */,
				0A01075019F1C45B004C2056 /* LoginViewController.swift */,
			);
			name = Controllers;
			sourceTree = "<group>";
		};
		0AFEC60F1A018CF900B1B823 /* Singletons */ = {
			isa = PBXGroup;
			children = (
				0A4C378A19DA7340009AD8DD /* AppDelegate.swift */,
			);
			name = Singletons;
			sourceTree = "<group>";
		};
/* End PBXGroup section */

/* Begin PBXNativeTarget section */
		0A4C372119DA6DFF009AD8DD /* bookiao-ios */ = {
			isa = PBXNativeTarget;
			buildConfigurationList = 0A4C374419DA6DFF009AD8DD /* Build configuration list for PBXNativeTarget "bookiao-ios" */;
			buildPhases = (
				0A4C371E19DA6DFF009AD8DD /* Sources */,
				0A4C371F19DA6DFF009AD8DD /* Frameworks */,
				0A4C372019DA6DFF009AD8DD /* Resources */,
			);
			buildRules = (
			);
			dependencies = (
			);
			name = "bookiao-ios";
			productName = "bookiao-ios";
			productReference = 0A4C372219DA6DFF009AD8DD /* bookiao-ios.app */;
			productType = "com.apple.product-type.application";
		};
		0A4C373919DA6DFF009AD8DD /* bookiao-iosTests */ = {
			isa = PBXNativeTarget;
			buildConfigurationList = 0A4C374719DA6DFF009AD8DD /* Build configuration list for PBXNativeTarget "bookiao-iosTests" */;
			buildPhases = (
				0A4C373619DA6DFF009AD8DD /* Sources */,
				0A4C373719DA6DFF009AD8DD /* Frameworks */,
				0A4C373819DA6DFF009AD8DD /* Resources */,
			);
			buildRules = (
			);
			dependencies = (
				0A4C373C19DA6DFF009AD8DD /* PBXTargetDependency */,
			);
			name = "bookiao-iosTests";
			productName = "bookiao-iosTests";
			productReference = 0A4C373A19DA6DFF009AD8DD /* bookiao-iosTests.xctest */;
			productType = "com.apple.product-type.bundle.unit-test";
		};
/* End PBXNativeTarget section */

/* Begin PBXProject section */
		0A4C371A19DA6DFF009AD8DD /* Project object */ = {
			isa = PBXProject;
			attributes = {
				LastUpgradeCheck = 0600;
				ORGANIZATIONNAME = UPRRP;
				TargetAttributes = {
					0A4C372119DA6DFF009AD8DD = {
						CreatedOnToolsVersion = 6.0.1;
					};
					0A4C373919DA6DFF009AD8DD = {
						CreatedOnToolsVersion = 6.0.1;
						TestTargetID = 0A4C372119DA6DFF009AD8DD;
					};
				};
			};
			buildConfigurationList = 0A4C371D19DA6DFF009AD8DD /* Build configuration list for PBXProject "bookiao-ios" */;
			compatibilityVersion = "Xcode 3.2";
			developmentRegion = English;
			hasScannedForEncodings = 0;
			knownRegions = (
				en,
				Base,
			);
			mainGroup = 0A4C371919DA6DFF009AD8DD;
			productRefGroup = 0A4C372319DA6DFF009AD8DD /* Products */;
			projectDirPath = "";
			projectRoot = "";
			targets = (
				0A4C372119DA6DFF009AD8DD /* bookiao-ios */,
				0A4C373919DA6DFF009AD8DD /* bookiao-iosTests */,
			);
		};
/* End PBXProject section */

/* Begin PBXResourcesBuildPhase section */
		0A4C372019DA6DFF009AD8DD /* Resources */ = {
			isa = PBXResourcesBuildPhase;
			buildActionMask = 2147483647;
			files = (
				0A4C373219DA6DFF009AD8DD /* Images.xcassets in Resources */,
			);
			runOnlyForDeploymentPostprocessing = 0;
		};
		0A4C373819DA6DFF009AD8DD /* Resources */ = {
			isa = PBXResourcesBuildPhase;
			buildActionMask = 2147483647;
			files = (
			);
			runOnlyForDeploymentPostprocessing = 0;
		};
/* End PBXResourcesBuildPhase section */

/* Begin PBXSourcesBuildPhase section */
		0A4C371E19DA6DFF009AD8DD /* Sources */ = {
			isa = PBXSourcesBuildPhase;
			buildActionMask = 2147483647;
			files = (
				0A4C372B19DA6DFF009AD8DD /* bookiao_ios.xcdatamodeld in Sources */,
				0A4C375019DA7198009AD8DD /* ViewController.swift in Sources */,
				0A4C378E19DA738A009AD8DD /* HistoryViewController.swift in Sources */,
				0ADB9E941A006010007F5539 /* json-swift.swift in Sources */,
				0A4C378B19DA7340009AD8DD /* AppDelegate.swift in Sources */,
				0A01A7A419E38FAF0026B7E4 /* NSLayoutConstraint+PureLayout.m in Sources */,
				0A01A7A319E38FAF0026B7E4 /* NSArray+PureLayout.m in Sources */,
				0A01A7BF19E4D97C0026B7E4 /* CustomCellProfileBanner.swift in Sources */,
				0AFEB8721A0570070095A951 /* ClientViewController.swift in Sources */,
				0A01A7A219E38FAF0026B7E4 /* ALView+PureLayout.m in Sources */,
				0A01A7C519EC266F0026B7E4 /* CircleView.swift in Sources */,
				0A01A77719DF7D6F0026B7E4 /* ProfileViewController.swift in Sources */,
				0AFEC6131A019A6800B1B823 /* RegisterViewController.swift in Sources */,
				0A01A7B719E4CD930026B7E4 /* CustomCellHistory.swift in Sources */,
				0AD4219E19DE2717002CE4B2 /* AppointmentsViewController.swift in Sources */,
				0A01A7BD19E4D5410026B7E4 /* CustomCellProfile.swift in Sources */,
				0A01075119F1C45B004C2056 /* LoginViewController.swift in Sources */,
				0AFEB8761A05702A0095A951 /* EmployeeViewController.swift in Sources */,
				0A01A79219E330A70026B7E4 /* CustomCell.swift in Sources */,
				0A01A7AF19E4A0000026B7E4 /* CustomDesign.swift in Sources */,
				0A4C375719DA726B009AD8DD /* SettingsViewController.swift in Sources */,
				0AFEB8741A0570160095A951 /* BusinessViewController.swift in Sources */,
				0AFEC6111A018D8200B1B823 /* ProfileDesign.swift in Sources */,
			);
			runOnlyForDeploymentPostprocessing = 0;
		};
		0A4C373619DA6DFF009AD8DD /* Sources */ = {
			isa = PBXSourcesBuildPhase;
			buildActionMask = 2147483647;
			files = (
				0A4C374119DA6DFF009AD8DD /* bookiao_iosTests.swift in Sources */,
			);
			runOnlyForDeploymentPostprocessing = 0;
		};
/* End PBXSourcesBuildPhase section */

/* Begin PBXTargetDependency section */
		0A4C373C19DA6DFF009AD8DD /* PBXTargetDependency */ = {
			isa = PBXTargetDependency;
			target = 0A4C372119DA6DFF009AD8DD /* bookiao-ios */;
			targetProxy = 0A4C373B19DA6DFF009AD8DD /* PBXContainerItemProxy */;
		};
/* End PBXTargetDependency section */

/* Begin XCBuildConfiguration section */
		0A4C374219DA6DFF009AD8DD /* Debug */ = {
			isa = XCBuildConfiguration;
			buildSettings = {
				ALWAYS_SEARCH_USER_PATHS = NO;
				CLANG_CXX_LANGUAGE_STANDARD = "gnu++0x";
				CLANG_CXX_LIBRARY = "libc++";
				CLANG_ENABLE_MODULES = YES;
				CLANG_ENABLE_OBJC_ARC = YES;
				CLANG_WARN_BOOL_CONVERSION = YES;
				CLANG_WARN_CONSTANT_CONVERSION = YES;
				CLANG_WARN_DIRECT_OBJC_ISA_USAGE = YES_ERROR;
				CLANG_WARN_EMPTY_BODY = YES;
				CLANG_WARN_ENUM_CONVERSION = YES;
				CLANG_WARN_INT_CONVERSION = YES;
				CLANG_WARN_OBJC_ROOT_CLASS = YES_ERROR;
				CLANG_WARN_UNREACHABLE_CODE = YES;
				CLANG_WARN__DUPLICATE_METHOD_MATCH = YES;
				"CODE_SIGN_IDENTITY[sdk=iphoneos*]" = "iPhone Developer";
				COPY_PHASE_STRIP = NO;
				ENABLE_STRICT_OBJC_MSGSEND = YES;
				GCC_C_LANGUAGE_STANDARD = gnu99;
				GCC_DYNAMIC_NO_PIC = NO;
				GCC_OPTIMIZATION_LEVEL = 0;
				GCC_PREPROCESSOR_DEFINITIONS = (
					"DEBUG=1",
					"$(inherited)",
				);
				GCC_SYMBOLS_PRIVATE_EXTERN = NO;
				GCC_WARN_64_TO_32_BIT_CONVERSION = YES;
				GCC_WARN_ABOUT_RETURN_TYPE = YES_ERROR;
				GCC_WARN_UNDECLARED_SELECTOR = YES;
				GCC_WARN_UNINITIALIZED_AUTOS = YES_AGGRESSIVE;
				GCC_WARN_UNUSED_FUNCTION = YES;
				GCC_WARN_UNUSED_VARIABLE = YES;
				IPHONEOS_DEPLOYMENT_TARGET = 8.0;
				MTL_ENABLE_DEBUG_INFO = YES;
				ONLY_ACTIVE_ARCH = YES;
				SDKROOT = iphoneos;
				SWIFT_OPTIMIZATION_LEVEL = "-Onone";
			};
			name = Debug;
		};
		0A4C374319DA6DFF009AD8DD /* Release */ = {
			isa = XCBuildConfiguration;
			buildSettings = {
				ALWAYS_SEARCH_USER_PATHS = NO;
				CLANG_CXX_LANGUAGE_STANDARD = "gnu++0x";
				CLANG_CXX_LIBRARY = "libc++";
				CLANG_ENABLE_MODULES = YES;
				CLANG_ENABLE_OBJC_ARC = YES;
				CLANG_WARN_BOOL_CONVERSION = YES;
				CLANG_WARN_CONSTANT_CONVERSION = YES;
				CLANG_WARN_DIRECT_OBJC_ISA_USAGE = YES_ERROR;
				CLANG_WARN_EMPTY_BODY = YES;
				CLANG_WARN_ENUM_CONVERSION = YES;
				CLANG_WARN_INT_CONVERSION = YES;
				CLANG_WARN_OBJC_ROOT_CLASS = YES_ERROR;
				CLANG_WARN_UNREACHABLE_CODE = YES;
				CLANG_WARN__DUPLICATE_METHOD_MATCH = YES;
				"CODE_SIGN_IDENTITY[sdk=iphoneos*]" = "iPhone Developer";
				COPY_PHASE_STRIP = YES;
				ENABLE_NS_ASSERTIONS = NO;
				ENABLE_STRICT_OBJC_MSGSEND = YES;
				GCC_C_LANGUAGE_STANDARD = gnu99;
				GCC_WARN_64_TO_32_BIT_CONVERSION = YES;
				GCC_WARN_ABOUT_RETURN_TYPE = YES_ERROR;
				GCC_WARN_UNDECLARED_SELECTOR = YES;
				GCC_WARN_UNINITIALIZED_AUTOS = YES_AGGRESSIVE;
				GCC_WARN_UNUSED_FUNCTION = YES;
				GCC_WARN_UNUSED_VARIABLE = YES;
				IPHONEOS_DEPLOYMENT_TARGET = 8.0;
				MTL_ENABLE_DEBUG_INFO = NO;
				SDKROOT = iphoneos;
				VALIDATE_PRODUCT = YES;
			};
			name = Release;
		};
		0A4C374519DA6DFF009AD8DD /* Debug */ = {
			isa = XCBuildConfiguration;
			buildSettings = {
				ASSETCATALOG_COMPILER_APPICON_NAME = AppIcon;
				CLANG_ENABLE_MODULES = YES;
				INFOPLIST_FILE = "bookiao-ios/Info.plist";
				IPHONEOS_DEPLOYMENT_TARGET = 8.0;
				LD_RUNPATH_SEARCH_PATHS = "$(inherited) @executable_path/Frameworks";
				PRODUCT_NAME = "$(TARGET_NAME)";
				SWIFT_OBJC_BRIDGING_HEADER = "bookiao-ios-Bridging-Header.h";
				SWIFT_OPTIMIZATION_LEVEL = "-Onone";
			};
			name = Debug;
		};
		0A4C374619DA6DFF009AD8DD /* Release */ = {
			isa = XCBuildConfiguration;
			buildSettings = {
				ASSETCATALOG_COMPILER_APPICON_NAME = AppIcon;
				CLANG_ENABLE_MODULES = YES;
				INFOPLIST_FILE = "bookiao-ios/Info.plist";
				IPHONEOS_DEPLOYMENT_TARGET = 8.0;
				LD_RUNPATH_SEARCH_PATHS = "$(inherited) @executable_path/Frameworks";
				PRODUCT_NAME = "$(TARGET_NAME)";
				SWIFT_OBJC_BRIDGING_HEADER = "bookiao-ios-Bridging-Header.h";
			};
			name = Release;
		};
		0A4C374819DA6DFF009AD8DD /* Debug */ = {
			isa = XCBuildConfiguration;
			buildSettings = {
				BUNDLE_LOADER = "$(TEST_HOST)";
				FRAMEWORK_SEARCH_PATHS = (
					"$(SDKROOT)/Developer/Library/Frameworks",
					"$(inherited)",
				);
				GCC_PREPROCESSOR_DEFINITIONS = (
					"DEBUG=1",
					"$(inherited)",
				);
				INFOPLIST_FILE = "bookiao-iosTests/Info.plist";
				LD_RUNPATH_SEARCH_PATHS = "$(inherited) @executable_path/Frameworks @loader_path/Frameworks";
				PRODUCT_NAME = "$(TARGET_NAME)";
				TEST_HOST = "$(BUILT_PRODUCTS_DIR)/bookiao-ios.app/bookiao-ios";
			};
			name = Debug;
		};
		0A4C374919DA6DFF009AD8DD /* Release */ = {
			isa = XCBuildConfiguration;
			buildSettings = {
				BUNDLE_LOADER = "$(TEST_HOST)";
				FRAMEWORK_SEARCH_PATHS = (
					"$(SDKROOT)/Developer/Library/Frameworks",
					"$(inherited)",
				);
				INFOPLIST_FILE = "bookiao-iosTests/Info.plist";
				LD_RUNPATH_SEARCH_PATHS = "$(inherited) @executable_path/Frameworks @loader_path/Frameworks";
				PRODUCT_NAME = "$(TARGET_NAME)";
				TEST_HOST = "$(BUILT_PRODUCTS_DIR)/bookiao-ios.app/bookiao-ios";
			};
			name = Release;
		};
/* End XCBuildConfiguration section */

/* Begin XCConfigurationList section */
		0A4C371D19DA6DFF009AD8DD /* Build configuration list for PBXProject "bookiao-ios" */ = {
			isa = XCConfigurationList;
			buildConfigurations = (
				0A4C374219DA6DFF009AD8DD /* Debug */,
				0A4C374319DA6DFF009AD8DD /* Release */,
			);
			defaultConfigurationIsVisible = 0;
			defaultConfigurationName = Release;
		};
		0A4C374419DA6DFF009AD8DD /* Build configuration list for PBXNativeTarget "bookiao-ios" */ = {
			isa = XCConfigurationList;
			buildConfigurations = (
				0A4C374519DA6DFF009AD8DD /* Debug */,
				0A4C374619DA6DFF009AD8DD /* Release */,
			);
			defaultConfigurationIsVisible = 0;
			defaultConfigurationName = Release;
		};
		0A4C374719DA6DFF009AD8DD /* Build configuration list for PBXNativeTarget "bookiao-iosTests" */ = {
			isa = XCConfigurationList;
			buildConfigurations = (
				0A4C374819DA6DFF009AD8DD /* Debug */,
				0A4C374919DA6DFF009AD8DD /* Release */,
			);
			defaultConfigurationIsVisible = 0;
			defaultConfigurationName = Release;
		};
/* End XCConfigurationList section */

/* Begin XCVersionGroup section */
		0A4C372919DA6DFF009AD8DD /* bookiao_ios.xcdatamodeld */ = {
			isa = XCVersionGroup;
			children = (
				0A4C372A19DA6DFF009AD8DD /* bookiao_ios.xcdatamodel */,
			);
			currentVersion = 0A4C372A19DA6DFF009AD8DD /* bookiao_ios.xcdatamodel */;
			path = bookiao_ios.xcdatamodeld;
			sourceTree = "<group>";
			versionGroupType = wrapper.xcdatamodel;
		};
/* End XCVersionGroup section */
	};
	rootObject = 0A4C371A19DA6DFF009AD8DD /* Project object */;
}
